// !$*UTF8*$!
{
	archiveVersion = 1;
	classes = {
	};
	objectVersion = 50;
	objects = {

/* Begin PBXBuildFile section */
		39070192248566D2007D22F6 /* AppDelegate.swift in Sources */ = {isa = PBXBuildFile; fileRef = 39070191248566D2007D22F6 /* AppDelegate.swift */; };
		39070194248566D2007D22F6 /* SceneDelegate.swift in Sources */ = {isa = PBXBuildFile; fileRef = 39070193248566D2007D22F6 /* SceneDelegate.swift */; };
		39070199248566D2007D22F6 /* Main.storyboard in Resources */ = {isa = PBXBuildFile; fileRef = 39070197248566D2007D22F6 /* Main.storyboard */; };
		3907019B248566D8007D22F6 /* Assets.xcassets in Resources */ = {isa = PBXBuildFile; fileRef = 3907019A248566D8007D22F6 /* Assets.xcassets */; };
		3907019E248566D8007D22F6 /* LaunchScreen.storyboard in Resources */ = {isa = PBXBuildFile; fileRef = 3907019C248566D8007D22F6 /* LaunchScreen.storyboard */; };
		390701AA24856A5E007D22F6 /* LoginViewController.swift in Sources */ = {isa = PBXBuildFile; fileRef = 390701A924856A5E007D22F6 /* LoginViewController.swift */; };
		390701AC24856A77007D22F6 /* MapViewController.swift in Sources */ = {isa = PBXBuildFile; fileRef = 390701AB24856A77007D22F6 /* MapViewController.swift */; };
		39ED7AB82486B041007109E8 /* UdacityClient.swift in Sources */ = {isa = PBXBuildFile; fileRef = 39ED7AB72486B041007109E8 /* UdacityClient.swift */; };
		39ED7ABE2486B35A007109E8 /* InformationPostViewController.swift in Sources */ = {isa = PBXBuildFile; fileRef = 39ED7ABD2486B35A007109E8 /* InformationPostViewController.swift */; };
		39ED7AC22486BAE7007109E8 /* StudentInformation.swift in Sources */ = {isa = PBXBuildFile; fileRef = 39ED7AC12486BAE7007109E8 /* StudentInformation.swift */; };
		39ED7AC42486D23C007109E8 /* TableViewController.swift in Sources */ = {isa = PBXBuildFile; fileRef = 39ED7AC32486D23C007109E8 /* TableViewController.swift */; };
		39ED7AC62487B9CB007109E8 /* LoginRequest.swift in Sources */ = {isa = PBXBuildFile; fileRef = 39ED7AC52487B9CB007109E8 /* LoginRequest.swift */; };
		39ED7ACE2487DFF9007109E8 /* LogoutRequest.swift in Sources */ = {isa = PBXBuildFile; fileRef = 39ED7ACD2487DFF9007109E8 /* LogoutRequest.swift */; };
		39ED7AD02487E8F8007109E8 /* StudentLocation.swift in Sources */ = {isa = PBXBuildFile; fileRef = 39ED7ACF2487E8F8007109E8 /* StudentLocation.swift */; };
		39ED7AD22487EB5C007109E8 /* ConfirmViewController.swift in Sources */ = {isa = PBXBuildFile; fileRef = 39ED7AD12487EB5C007109E8 /* ConfirmViewController.swift */; };
		39ED7AD62487F079007109E8 /* UserResponse.swift in Sources */ = {isa = PBXBuildFile; fileRef = 39ED7AD52487F079007109E8 /* UserResponse.swift */; };
		39ED7AD8248906C4007109E8 /* NavigationBarController.swift in Sources */ = {isa = PBXBuildFile; fileRef = 39ED7AD7248906C4007109E8 /* NavigationBarController.swift */; };
/* End PBXBuildFile section */

/* Begin PBXFileReference section */
		3907018E248566D2007D22F6 /* OnTheMap.app */ = {isa = PBXFileReference; explicitFileType = wrapper.application; includeInIndex = 0; path = OnTheMap.app; sourceTree = BUILT_PRODUCTS_DIR; };
		39070191248566D2007D22F6 /* AppDelegate.swift */ = {isa = PBXFileReference; lastKnownFileType = sourcecode.swift; path = AppDelegate.swift; sourceTree = "<group>"; };
		39070193248566D2007D22F6 /* SceneDelegate.swift */ = {isa = PBXFileReference; lastKnownFileType = sourcecode.swift; path = SceneDelegate.swift; sourceTree = "<group>"; };
		39070198248566D2007D22F6 /* Base */ = {isa = PBXFileReference; lastKnownFileType = file.storyboard; name = Base; path = Base.lproj/Main.storyboard; sourceTree = "<group>"; };
		3907019A248566D8007D22F6 /* Assets.xcassets */ = {isa = PBXFileReference; lastKnownFileType = folder.assetcatalog; path = Assets.xcassets; sourceTree = "<group>"; };
		3907019D248566D8007D22F6 /* Base */ = {isa = PBXFileReference; lastKnownFileType = file.storyboard; name = Base; path = Base.lproj/LaunchScreen.storyboard; sourceTree = "<group>"; };
		3907019F248566D8007D22F6 /* Info.plist */ = {isa = PBXFileReference; lastKnownFileType = text.plist.xml; path = Info.plist; sourceTree = "<group>"; };
		390701A924856A5E007D22F6 /* LoginViewController.swift */ = {isa = PBXFileReference; lastKnownFileType = sourcecode.swift; path = LoginViewController.swift; sourceTree = "<group>"; };
		390701AB24856A77007D22F6 /* MapViewController.swift */ = {isa = PBXFileReference; lastKnownFileType = sourcecode.swift; path = MapViewController.swift; sourceTree = "<group>"; };
		39ED7AB72486B041007109E8 /* UdacityClient.swift */ = {isa = PBXFileReference; lastKnownFileType = sourcecode.swift; path = UdacityClient.swift; sourceTree = "<group>"; };
		39ED7ABD2486B35A007109E8 /* InformationPostViewController.swift */ = {isa = PBXFileReference; lastKnownFileType = sourcecode.swift; path = InformationPostViewController.swift; sourceTree = "<group>"; };
		39ED7AC12486BAE7007109E8 /* StudentInformation.swift */ = {isa = PBXFileReference; lastKnownFileType = sourcecode.swift; path = StudentInformation.swift; sourceTree = "<group>"; };
		39ED7AC32486D23C007109E8 /* TableViewController.swift */ = {isa = PBXFileReference; lastKnownFileType = sourcecode.swift; path = TableViewController.swift; sourceTree = "<group>"; };
		39ED7AC52487B9CB007109E8 /* LoginRequest.swift */ = {isa = PBXFileReference; lastKnownFileType = sourcecode.swift; path = LoginRequest.swift; sourceTree = "<group>"; };
		39ED7ACD2487DFF9007109E8 /* LogoutRequest.swift */ = {isa = PBXFileReference; lastKnownFileType = sourcecode.swift; path = LogoutRequest.swift; sourceTree = "<group>"; };
		39ED7ACF2487E8F8007109E8 /* StudentLocation.swift */ = {isa = PBXFileReference; lastKnownFileType = sourcecode.swift; path = StudentLocation.swift; sourceTree = "<group>"; };
		39ED7AD12487EB5C007109E8 /* ConfirmViewController.swift */ = {isa = PBXFileReference; lastKnownFileType = sourcecode.swift; path = ConfirmViewController.swift; sourceTree = "<group>"; };
		39ED7AD52487F079007109E8 /* UserResponse.swift */ = {isa = PBXFileReference; lastKnownFileType = sourcecode.swift; path = UserResponse.swift; sourceTree = "<group>"; };
		39ED7AD7248906C4007109E8 /* NavigationBarController.swift */ = {isa = PBXFileReference; lastKnownFileType = sourcecode.swift; path = NavigationBarController.swift; sourceTree = "<group>"; };
/* End PBXFileReference section */

/* Begin PBXFrameworksBuildPhase section */
		3907018B248566D2007D22F6 /* Frameworks */ = {
			isa = PBXFrameworksBuildPhase;
			buildActionMask = 2147483647;
			files = (
			);
			runOnlyForDeploymentPostprocessing = 0;
		};
/* End PBXFrameworksBuildPhase section */

/* Begin PBXGroup section */
		39070185248566D2007D22F6 = {
			isa = PBXGroup;
			children = (
				39070190248566D2007D22F6 /* OnTheMap */,
				3907018F248566D2007D22F6 /* Products */,
			);
			sourceTree = "<group>";
		};
		3907018F248566D2007D22F6 /* Products */ = {
			isa = PBXGroup;
			children = (
				3907018E248566D2007D22F6 /* OnTheMap.app */,
			);
			name = Products;
			sourceTree = "<group>";
		};
		39070190248566D2007D22F6 /* OnTheMap */ = {
			isa = PBXGroup;
			children = (
				3907019F248566D8007D22F6 /* Info.plist */,
				39070191248566D2007D22F6 /* AppDelegate.swift */,
				39070193248566D2007D22F6 /* SceneDelegate.swift */,
				390701A5248566F2007D22F6 /* Model */,
				390701A7248566FD007D22F6 /* Controller */,
				390701A8248569AC007D22F6 /* Assets */,
			);
			path = OnTheMap;
			sourceTree = "<group>";
		};
		390701A5248566F2007D22F6 /* Model */ = {
			isa = PBXGroup;
			children = (
				39ED7AB12486826C007109E8 /* Data */,
				39ED7AB42486827F007109E8 /* Client */,
				39ED7AB324868277007109E8 /* Responses */,
				39ED7AB224868272007109E8 /* Requests */,
			);
			path = Model;
			sourceTree = "<group>";
		};
		390701A7248566FD007D22F6 /* Controller */ = {
			isa = PBXGroup;
			children = (
				390701A924856A5E007D22F6 /* LoginViewController.swift */,
				390701AB24856A77007D22F6 /* MapViewController.swift */,
				39ED7ABD2486B35A007109E8 /* InformationPostViewController.swift */,
				39ED7AC32486D23C007109E8 /* TableViewController.swift */,
				39ED7AD12487EB5C007109E8 /* ConfirmViewController.swift */,
				39ED7AD7248906C4007109E8 /* NavigationBarController.swift */,
			);
			path = Controller;
			sourceTree = "<group>";
		};
		390701A8248569AC007D22F6 /* Assets */ = {
			isa = PBXGroup;
			children = (
				39070197248566D2007D22F6 /* Main.storyboard */,
				3907019A248566D8007D22F6 /* Assets.xcassets */,
				3907019C248566D8007D22F6 /* LaunchScreen.storyboard */,
			);
			path = Assets;
			sourceTree = "<group>";
		};
		39ED7AB12486826C007109E8 /* Data */ = {
			isa = PBXGroup;
			children = (
				39ED7AC12486BAE7007109E8 /* StudentInformation.swift */,
				39ED7ACF2487E8F8007109E8 /* StudentLocation.swift */,
			);
			path = Data;
			sourceTree = "<group>";
		};
		39ED7AB224868272007109E8 /* Requests */ = {
			isa = PBXGroup;
			children = (
				39ED7AC52487B9CB007109E8 /* LoginRequest.swift */,
				39ED7ACD2487DFF9007109E8 /* LogoutRequest.swift */,
			);
			path = Requests;
			sourceTree = "<group>";
		};
		39ED7AB324868277007109E8 /* Responses */ = {
			isa = PBXGroup;
			children = (
				39ED7AD52487F079007109E8 /* UserResponse.swift */,
			);
			path = Responses;
			sourceTree = "<group>";
		};
		39ED7AB42486827F007109E8 /* Client */ = {
			isa = PBXGroup;
			children = (
				39ED7AB72486B041007109E8 /* UdacityClient.swift */,
			);
			path = Client;
			sourceTree = "<group>";
		};
/* End PBXGroup section */

/* Begin PBXNativeTarget section */
		3907018D248566D2007D22F6 /* OnTheMap */ = {
			isa = PBXNativeTarget;
			buildConfigurationList = 390701A2248566D8007D22F6 /* Build configuration list for PBXNativeTarget "OnTheMap" */;
			buildPhases = (
				3907018A248566D2007D22F6 /* Sources */,
				3907018B248566D2007D22F6 /* Frameworks */,
				3907018C248566D2007D22F6 /* Resources */,
			);
			buildRules = (
			);
			dependencies = (
			);
			name = OnTheMap;
			productName = OnTheMap;
			productReference = 3907018E248566D2007D22F6 /* OnTheMap.app */;
			productType = "com.apple.product-type.application";
		};
/* End PBXNativeTarget section */

/* Begin PBXProject section */
		39070186248566D2007D22F6 /* Project object */ = {
			isa = PBXProject;
			attributes = {
				LastSwiftUpdateCheck = 1150;
				LastUpgradeCheck = 1150;
				ORGANIZATIONNAME = Timur;
				TargetAttributes = {
					3907018D248566D2007D22F6 = {
						CreatedOnToolsVersion = 11.5;
					};
				};
			};
			buildConfigurationList = 39070189248566D2007D22F6 /* Build configuration list for PBXProject "OnTheMap" */;
			compatibilityVersion = "Xcode 9.3";
			developmentRegion = en;
			hasScannedForEncodings = 0;
			knownRegions = (
				en,
				Base,
			);
			mainGroup = 39070185248566D2007D22F6;
			productRefGroup = 3907018F248566D2007D22F6 /* Products */;
			projectDirPath = "";
			projectRoot = "";
			targets = (
				3907018D248566D2007D22F6 /* OnTheMap */,
			);
		};
/* End PBXProject section */

/* Begin PBXResourcesBuildPhase section */
		3907018C248566D2007D22F6 /* Resources */ = {
			isa = PBXResourcesBuildPhase;
			buildActionMask = 2147483647;
			files = (
				3907019E248566D8007D22F6 /* LaunchScreen.storyboard in Resources */,
				3907019B248566D8007D22F6 /* Assets.xcassets in Resources */,
				39070199248566D2007D22F6 /* Main.storyboard in Resources */,
			);
			runOnlyForDeploymentPostprocessing = 0;
		};
/* End PBXResourcesBuildPhase section */

/* Begin PBXSourcesBuildPhase section */
		3907018A248566D2007D22F6 /* Sources */ = {
			isa = PBXSourcesBuildPhase;
			buildActionMask = 2147483647;
			files = (
				39ED7AD22487EB5C007109E8 /* ConfirmViewController.swift in Sources */,
				39ED7AD8248906C4007109E8 /* NavigationBarController.swift in Sources */,
				39ED7AB82486B041007109E8 /* UdacityClient.swift in Sources */,
				390701AA24856A5E007D22F6 /* LoginViewController.swift in Sources */,
				39ED7AD02487E8F8007109E8 /* StudentLocation.swift in Sources */,
				39070192248566D2007D22F6 /* AppDelegate.swift in Sources */,
				39ED7AC62487B9CB007109E8 /* LoginRequest.swift in Sources */,
				390701AC24856A77007D22F6 /* MapViewController.swift in Sources */,
				39070194248566D2007D22F6 /* SceneDelegate.swift in Sources */,
				39ED7AD62487F079007109E8 /* UserResponse.swift in Sources */,
				39ED7AC42486D23C007109E8 /* TableViewController.swift in Sources */,
				39ED7ACE2487DFF9007109E8 /* LogoutRequest.swift in Sources */,
				39ED7ABE2486B35A007109E8 /* InformationPostViewController.swift in Sources */,
				39ED7AC22486BAE7007109E8 /* StudentInformation.swift in Sources */,
			);
			runOnlyForDeploymentPostprocessing = 0;
		};
/* End PBXSourcesBuildPhase section */

/* Begin PBXVariantGroup section */
		39070197248566D2007D22F6 /* Main.storyboard */ = {
			isa = PBXVariantGroup;
			children = (
				39070198248566D2007D22F6 /* Base */,
			);
			name = Main.storyboard;
			sourceTree = "<group>";
		};
		3907019C248566D8007D22F6 /* LaunchScreen.storyboard */ = {
			isa = PBXVariantGroup;
			children = (
				3907019D248566D8007D22F6 /* Base */,
			);
			name = LaunchScreen.storyboard;
			sourceTree = "<group>";
		};
/* End PBXVariantGroup section */

/* Begin XCBuildConfiguration section */
		390701A0248566D8007D22F6 /* Debug */ = {
			isa = XCBuildConfiguration;
			buildSettings = {
				ALWAYS_SEARCH_USER_PATHS = NO;
				CLANG_ANALYZER_NONNULL = YES;
				CLANG_ANALYZER_NUMBER_OBJECT_CONVERSION = YES_AGGRESSIVE;
				CLANG_CXX_LANGUAGE_STANDARD = "gnu++14";
				CLANG_CXX_LIBRARY = "libc++";
				CLANG_ENABLE_MODULES = YES;
				CLANG_ENABLE_OBJC_ARC = YES;
				CLANG_ENABLE_OBJC_WEAK = YES;
				CLANG_WARN_BLOCK_CAPTURE_AUTORELEASING = YES;
				CLANG_WARN_BOOL_CONVERSION = YES;
				CLANG_WARN_COMMA = YES;
				CLANG_WARN_CONSTANT_CONVERSION = YES;
				CLANG_WARN_DEPRECATED_OBJC_IMPLEMENTATIONS = YES;
				CLANG_WARN_DIRECT_OBJC_ISA_USAGE = YES_ERROR;
				CLANG_WARN_DOCUMENTATION_COMMENTS = YES;
				CLANG_WARN_EMPTY_BODY = YES;
				CLANG_WARN_ENUM_CONVERSION = YES;
				CLANG_WARN_INFINITE_RECURSION = YES;
				CLANG_WARN_INT_CONVERSION = YES;
				CLANG_WARN_NON_LITERAL_NULL_CONVERSION = YES;
				CLANG_WARN_OBJC_IMPLICIT_RETAIN_SELF = YES;
				CLANG_WARN_OBJC_LITERAL_CONVERSION = YES;
				CLANG_WARN_OBJC_ROOT_CLASS = YES_ERROR;
				CLANG_WARN_RANGE_LOOP_ANALYSIS = YES;
				CLANG_WARN_STRICT_PROTOTYPES = YES;
				CLANG_WARN_SUSPICIOUS_MOVE = YES;
				CLANG_WARN_UNGUARDED_AVAILABILITY = YES_AGGRESSIVE;
				CLANG_WARN_UNREACHABLE_CODE = YES;
				CLANG_WARN__DUPLICATE_METHOD_MATCH = YES;
				COPY_PHASE_STRIP = NO;
				DEBUG_INFORMATION_FORMAT = dwarf;
				ENABLE_STRICT_OBJC_MSGSEND = YES;
				ENABLE_TESTABILITY = YES;
				GCC_C_LANGUAGE_STANDARD = gnu11;
				GCC_DYNAMIC_NO_PIC = NO;
				GCC_NO_COMMON_BLOCKS = YES;
				GCC_OPTIMIZATION_LEVEL = 0;
				GCC_PREPROCESSOR_DEFINITIONS = (
					"DEBUG=1",
					"$(inherited)",
				);
				GCC_WARN_64_TO_32_BIT_CONVERSION = YES;
				GCC_WARN_ABOUT_RETURN_TYPE = YES_ERROR;
				GCC_WARN_UNDECLARED_SELECTOR = YES;
				GCC_WARN_UNINITIALIZED_AUTOS = YES_AGGRESSIVE;
				GCC_WARN_UNUSED_FUNCTION = YES;
				GCC_WARN_UNUSED_VARIABLE = YES;
				IPHONEOS_DEPLOYMENT_TARGET = 13.5;
				MTL_ENABLE_DEBUG_INFO = INCLUDE_SOURCE;
				MTL_FAST_MATH = YES;
				ONLY_ACTIVE_ARCH = YES;
				SDKROOT = iphoneos;
				SWIFT_ACTIVE_COMPILATION_CONDITIONS = DEBUG;
				SWIFT_OPTIMIZATION_LEVEL = "-Onone";
			};
			name = Debug;
		};
		390701A1248566D8007D22F6 /* Release */ = {
			isa = XCBuildConfiguration;
			buildSettings = {
				ALWAYS_SEARCH_USER_PATHS = NO;
				CLANG_ANALYZER_NONNULL = YES;
				CLANG_ANALYZER_NUMBER_OBJECT_CONVERSION = YES_AGGRESSIVE;
				CLANG_CXX_LANGUAGE_STANDARD = "gnu++14";
				CLANG_CXX_LIBRARY = "libc++";
				CLANG_ENABLE_MODULES = YES;
				CLANG_ENABLE_OBJC_ARC = YES;
				CLANG_ENABLE_OBJC_WEAK = YES;
				CLANG_WARN_BLOCK_CAPTURE_AUTORELEASING = YES;
				CLANG_WARN_BOOL_CONVERSION = YES;
				CLANG_WARN_COMMA = YES;
				CLANG_WARN_CONSTANT_CONVERSION = YES;
				CLANG_WARN_DEPRECATED_OBJC_IMPLEMENTATIONS = YES;
				CLANG_WARN_DIRECT_OBJC_ISA_USAGE = YES_ERROR;
				CLANG_WARN_DOCUMENTATION_COMMENTS = YES;
				CLANG_WARN_EMPTY_BODY = YES;
				CLANG_WARN_ENUM_CONVERSION = YES;
				CLANG_WARN_INFINITE_RECURSION = YES;
				CLANG_WARN_INT_CONVERSION = YES;
				CLANG_WARN_NON_LITERAL_NULL_CONVERSION = YES;
				CLANG_WARN_OBJC_IMPLICIT_RETAIN_SELF = YES;
				CLANG_WARN_OBJC_LITERAL_CONVERSION = YES;
				CLANG_WARN_OBJC_ROOT_CLASS = YES_ERROR;
				CLANG_WARN_RANGE_LOOP_ANALYSIS = YES;
				CLANG_WARN_STRICT_PROTOTYPES = YES;
				CLANG_WARN_SUSPICIOUS_MOVE = YES;
				CLANG_WARN_UNGUARDED_AVAILABILITY = YES_AGGRESSIVE;
				CLANG_WARN_UNREACHABLE_CODE = YES;
				CLANG_WARN__DUPLICATE_METHOD_MATCH = YES;
				COPY_PHASE_STRIP = NO;
				DEBUG_INFORMATION_FORMAT = "dwarf-with-dsym";
				ENABLE_NS_ASSERTIONS = NO;
				ENABLE_STRICT_OBJC_MSGSEND = YES;
				GCC_C_LANGUAGE_STANDARD = gnu11;
				GCC_NO_COMMON_BLOCKS = YES;
				GCC_WARN_64_TO_32_BIT_CONVERSION = YES;
				GCC_WARN_ABOUT_RETURN_TYPE = YES_ERROR;
				GCC_WARN_UNDECLARED_SELECTOR = YES;
				GCC_WARN_UNINITIALIZED_AUTOS = YES_AGGRESSIVE;
				GCC_WARN_UNUSED_FUNCTION = YES;
				GCC_WARN_UNUSED_VARIABLE = YES;
				IPHONEOS_DEPLOYMENT_TARGET = 13.5;
				MTL_ENABLE_DEBUG_INFO = NO;
				MTL_FAST_MATH = YES;
				SDKROOT = iphoneos;
				SWIFT_COMPILATION_MODE = wholemodule;
				SWIFT_OPTIMIZATION_LEVEL = "-O";
				VALIDATE_PRODUCT = YES;
			};
			name = Release;
		};
		390701A3248566D8007D22F6 /* Debug */ = {
			isa = XCBuildConfiguration;
			buildSettings = {
				ASSETCATALOG_COMPILER_APPICON_NAME = AppIcon;
				CODE_SIGN_STYLE = Automatic;
				DEVELOPMENT_TEAM = A3NPWGLNZS;
				INFOPLIST_FILE = OnTheMap/Info.plist;
				LD_RUNPATH_SEARCH_PATHS = (
					"$(inherited)",
					"@executable_path/Frameworks",
				);
				PRODUCT_BUNDLE_IDENTIFIER = com.TimurKrueger.OnTheMap;
				PRODUCT_NAME = "$(TARGET_NAME)";
				SWIFT_VERSION = 5.0;
				TARGETED_DEVICE_FAMILY = "1,2";
			};
			name = Debug;
		};
		390701A4248566D8007D22F6 /* Release */ = {
			isa = XCBuildConfiguration;
			buildSettings = {
				ASSETCATALOG_COMPILER_APPICON_NAME = AppIcon;
				CODE_SIGN_STYLE = Automatic;
				DEVELOPMENT_TEAM = A3NPWGLNZS;
				INFOPLIST_FILE = OnTheMap/Info.plist;
				LD_RUNPATH_SEARCH_PATHS = (
					"$(inherited)",
					"@executable_path/Frameworks",
				);
				PRODUCT_BUNDLE_IDENTIFIER = com.TimurKrueger.OnTheMap;
				PRODUCT_NAME = "$(TARGET_NAME)";
				SWIFT_VERSION = 5.0;
				TARGETED_DEVICE_FAMILY = "1,2";
			};
			name = Release;
		};
/* End XCBuildConfiguration section */

/* Begin XCConfigurationList section */
		39070189248566D2007D22F6 /* Build configuration list for PBXProject "OnTheMap" */ = {
			isa = XCConfigurationList;
			buildConfigurations = (
				390701A0248566D8007D22F6 /* Debug */,
				390701A1248566D8007D22F6 /* Release */,
			);
			defaultConfigurationIsVisible = 0;
			defaultConfigurationName = Release;
		};
		390701A2248566D8007D22F6 /* Build configuration list for PBXNativeTarget "OnTheMap" */ = {
			isa = XCConfigurationList;
			buildConfigurations = (
				390701A3248566D8007D22F6 /* Debug */,
				390701A4248566D8007D22F6 /* Release */,
			);
			defaultConfigurationIsVisible = 0;
			defaultConfigurationName = Release;
		};
/* End XCConfigurationList section */
	};
	rootObject = 39070186248566D2007D22F6 /* Project object */;
}
